
Microsoft Visual Studio Solution File, Format Version 12.00
# Visual Studio Version 16
VisualStudioVersion = 16.0.31205.134
MinimumVisualStudioVersion = 10.0.40219.1
Project("{FAE04EC0-301F-11D3-BF4B-00C04F79EFBC}") = "Gertslager", "Gertslager\Gertslager.csproj", "{DA390461-445F-46FE-8E88-5D750F6DFD28}"
EndProject
Global
	GlobalSection(SolutionConfigurationPlatforms) = preSolution
		Debug|Any CPU = Debug|Any CPU
		Release|Any CPU = Release|Any CPU
	EndGlobalSection
	GlobalSection(ProjectConfigurationPlatforms) = postSolution
		{DA390461-445F-46FE-8E88-5D750F6DFD28}.Debug|Any CPU.ActiveCfg = Debug|Any CPU
		{DA390461-445F-46FE-8E88-5D750F6DFD28}.Debug|Any CPU.Build.0 = Debug|Any CPU
		{DA390461-445F-46FE-8E88-5D750F6DFD28}.Release|Any CPU.ActiveCfg = Release|Any CPU
		{DA390461-445F-46FE-8E88-5D750F6DFD28}.Release|Any CPU.Build.0 = Release|Any CPU
	EndGlobalSection
	GlobalSection(SolutionProperties) = preSolution
		HideSolutionNode = FALSE
	EndGlobalSection
	GlobalSection(ExtensibilityGlobals) = postSolution
		SolutionGuid = {043CDFCF-74D6-46FA-8408-00226047C457}
	EndGlobalSection
EndGlobal
